
Microsoft Visual Studio Solution File, Format Version 12.00
# Visual Studio Version 16
VisualStudioVersion = 16.0.31911.196
MinimumVisualStudioVersion = 10.0.40219.1
Project("{FAE04EC0-301F-11D3-BF4B-00C04F79EFBC}") = "Mvc_Student_Registration", "Mvc_Student_Registration\Mvc_Student_Registration.csproj", "{386191A8-5CC7-47E1-B080-CBB8A748C462}"
EndProject
Global
	GlobalSection(SolutionConfigurationPlatforms) = preSolution
		Debug|Any CPU = Debug|Any CPU
		Release|Any CPU = Release|Any CPU
	EndGlobalSection
	GlobalSection(ProjectConfigurationPlatforms) = postSolution
		{386191A8-5CC7-47E1-B080-CBB8A748C462}.Debug|Any CPU.ActiveCfg = Debug|Any CPU
		{386191A8-5CC7-47E1-B080-CBB8A748C462}.Debug|Any CPU.Build.0 = Debug|Any CPU
		{386191A8-5CC7-47E1-B080-CBB8A748C462}.Release|Any CPU.ActiveCfg = Release|Any CPU
		{386191A8-5CC7-47E1-B080-CBB8A748C462}.Release|Any CPU.Build.0 = Release|Any CPU
	EndGlobalSection
	GlobalSection(SolutionProperties) = preSolution
		HideSolutionNode = FALSE
	EndGlobalSection
	GlobalSection(ExtensibilityGlobals) = postSolution
		SolutionGuid = {4DC1753F-9882-4D73-8A7C-EDD3B24B3BCF}
	EndGlobalSection
EndGlobal
